
Microsoft Visual Studio Solution File, Format Version 12.00
# Visual Studio Version 17
VisualStudioVersion = 17.4.33213.308
MinimumVisualStudioVersion = 10.0.40219.1
Project("{8BC9CEB8-8B4A-11D0-8D11-00A0C91BC942}") = "loginAndRegistration", "loginAndRegistration\loginAndRegistration.vcxproj", "{B5A81036-092C-483C-9583-E12AA4EEEF21}"
EndProject
Global
	GlobalSection(SolutionConfigurationPlatforms) = preSolution
		Debug|x64 = Debug|x64
		Debug|x86 = Debug|x86
		Release|x64 = Release|x64
		Release|x86 = Release|x86
	EndGlobalSection
	GlobalSection(ProjectConfigurationPlatforms) = postSolution
		{B5A81036-092C-483C-9583-E12AA4EEEF21}.Debug|x64.ActiveCfg = Debug|x64
		{B5A81036-092C-483C-9583-E12AA4EEEF21}.Debug|x64.Build.0 = Debug|x64
		{B5A81036-092C-483C-9583-E12AA4EEEF21}.Debug|x86.ActiveCfg = Debug|Win32
		{B5A81036-092C-483C-9583-E12AA4EEEF21}.Debug|x86.Build.0 = Debug|Win32
		{B5A81036-092C-483C-9583-E12AA4EEEF21}.Release|x64.ActiveCfg = Release|x64
		{B5A81036-092C-483C-9583-E12AA4EEEF21}.Release|x64.Build.0 = Release|x64
		{B5A81036-092C-483C-9583-E12AA4EEEF21}.Release|x86.ActiveCfg = Release|Win32
		{B5A81036-092C-483C-9583-E12AA4EEEF21}.Release|x86.Build.0 = Release|Win32
	EndGlobalSection
	GlobalSection(SolutionProperties) = preSolution
		HideSolutionNode = FALSE
	EndGlobalSection
	GlobalSection(ExtensibilityGlobals) = postSolution
		SolutionGuid = {F68E8CB2-77F9-494A-8952-52F35998E51A}
	EndGlobalSection
EndGlobal
